
Microsoft Visual Studio Solution File, Format Version 12.00
# Visual Studio Version 16
VisualStudioVersion = 16.0.31424.327
MinimumVisualStudioVersion = 10.0.40219.1
Project("{FAE04EC0-301F-11D3-BF4B-00C04F79EFBC}") = "HarmoniousYJSWS", "HarmoniousYJSWS\HarmoniousYJSWS.csproj", "{740E66EA-812E-4703-A5A1-D9BD3D38758E}"
EndProject
Global
	GlobalSection(SolutionConfigurationPlatforms) = preSolution
		Debug|Any CPU = Debug|Any CPU
		Release|Any CPU = Release|Any CPU
	EndGlobalSection
	GlobalSection(ProjectConfigurationPlatforms) = postSolution
		{740E66EA-812E-4703-A5A1-D9BD3D38758E}.Debug|Any CPU.ActiveCfg = Debug|Any CPU
		{740E66EA-812E-4703-A5A1-D9BD3D38758E}.Debug|Any CPU.Build.0 = Debug|Any CPU
		{740E66EA-812E-4703-A5A1-D9BD3D38758E}.Release|Any CPU.ActiveCfg = Release|Any CPU
		{740E66EA-812E-4703-A5A1-D9BD3D38758E}.Release|Any CPU.Build.0 = Release|Any CPU
	EndGlobalSection
	GlobalSection(SolutionProperties) = preSolution
		HideSolutionNode = FALSE
	EndGlobalSection
	GlobalSection(ExtensibilityGlobals) = postSolution
		SolutionGuid = {7C8B765A-8E4E-46AB-8260-7948E11F1AA7}
	EndGlobalSection
EndGlobal
